
Microsoft Visual Studio Solution File, Format Version 12.00
# Visual Studio Version 16
VisualStudioVersion = 16.0.31727.386
MinimumVisualStudioVersion = 10.0.40219.1
Project("{9A19103F-16F7-4668-BE54-9A1E7A4F7556}") = "ParkyAPI", "ParkyAPI\ParkyAPI.csproj", "{E1153B4F-F537-45DC-B6FF-82871F51FE09}"
EndProject
Project("{FAE04EC0-301F-11D3-BF4B-00C04F79EFBC}") = "ParkyWeb", "ParkyWeb\ParkyWeb.csproj", "{3AF497A9-4771-4BBF-A793-065EAB01628A}"
EndProject
Global
	GlobalSection(SolutionConfigurationPlatforms) = preSolution
		Debug|Any CPU = Debug|Any CPU
		Release|Any CPU = Release|Any CPU
	EndGlobalSection
	GlobalSection(ProjectConfigurationPlatforms) = postSolution
		{E1153B4F-F537-45DC-B6FF-82871F51FE09}.Debug|Any CPU.ActiveCfg = Debug|Any CPU
		{E1153B4F-F537-45DC-B6FF-82871F51FE09}.Debug|Any CPU.Build.0 = Debug|Any CPU
		{E1153B4F-F537-45DC-B6FF-82871F51FE09}.Release|Any CPU.ActiveCfg = Release|Any CPU
		{E1153B4F-F537-45DC-B6FF-82871F51FE09}.Release|Any CPU.Build.0 = Release|Any CPU
		{3AF497A9-4771-4BBF-A793-065EAB01628A}.Debug|Any CPU.ActiveCfg = Debug|Any CPU
		{3AF497A9-4771-4BBF-A793-065EAB01628A}.Debug|Any CPU.Build.0 = Debug|Any CPU
		{3AF497A9-4771-4BBF-A793-065EAB01628A}.Release|Any CPU.ActiveCfg = Release|Any CPU
		{3AF497A9-4771-4BBF-A793-065EAB01628A}.Release|Any CPU.Build.0 = Release|Any CPU
	EndGlobalSection
	GlobalSection(SolutionProperties) = preSolution
		HideSolutionNode = FALSE
	EndGlobalSection
	GlobalSection(ExtensibilityGlobals) = postSolution
		SolutionGuid = {B7FD3A20-E690-42AC-948A-B5E226DCD014}
	EndGlobalSection
EndGlobal
